
Microsoft Visual Studio Solution File, Format Version 12.00
# Visual Studio Version 17
VisualStudioVersion = 17.5.33516.290
MinimumVisualStudioVersion = 10.0.40219.1
Project("{9A19103F-16F7-4668-BE54-9A1E7A4F7556}") = "VinylTap", "VinylTap.csproj", "{10FB1627-FF46-472A-B0CA-587CD130785B}"
EndProject
Project("{9A19103F-16F7-4668-BE54-9A1E7A4F7556}") = "PrimeService", "..\VinylTapTest2\unit-testing-using-dotnet-test\PrimeService\PrimeService.csproj", "{75CE2E06-3C52-43D6-9372-DFC4DEE858A8}"
EndProject
Global
	GlobalSection(SolutionConfigurationPlatforms) = preSolution
		Debug|Any CPU = Debug|Any CPU
		Release|Any CPU = Release|Any CPU
	EndGlobalSection
	GlobalSection(ProjectConfigurationPlatforms) = postSolution
		{10FB1627-FF46-472A-B0CA-587CD130785B}.Debug|Any CPU.ActiveCfg = Debug|Any CPU
		{10FB1627-FF46-472A-B0CA-587CD130785B}.Debug|Any CPU.Build.0 = Debug|Any CPU
		{10FB1627-FF46-472A-B0CA-587CD130785B}.Release|Any CPU.ActiveCfg = Release|Any CPU
		{10FB1627-FF46-472A-B0CA-587CD130785B}.Release|Any CPU.Build.0 = Release|Any CPU
		{75CE2E06-3C52-43D6-9372-DFC4DEE858A8}.Debug|Any CPU.ActiveCfg = Debug|Any CPU
		{75CE2E06-3C52-43D6-9372-DFC4DEE858A8}.Debug|Any CPU.Build.0 = Debug|Any CPU
		{75CE2E06-3C52-43D6-9372-DFC4DEE858A8}.Release|Any CPU.ActiveCfg = Release|Any CPU
		{75CE2E06-3C52-43D6-9372-DFC4DEE858A8}.Release|Any CPU.Build.0 = Release|Any CPU
	EndGlobalSection
	GlobalSection(SolutionProperties) = preSolution
		HideSolutionNode = FALSE
	EndGlobalSection
	GlobalSection(ExtensibilityGlobals) = postSolution
		SolutionGuid = {DCC842A8-9795-43EA-A692-1D74C0AC30BB}
	EndGlobalSection
EndGlobal
